
Microsoft Visual Studio Solution File, Format Version 12.00
# Visual Studio Version 17
VisualStudioVersion = 17.9.34714.143
MinimumVisualStudioVersion = 10.0.40219.1
Project("{FAE04EC0-301F-11D3-BF4B-00C04F79EFBC}") = "Pgc1Aula03Ex01", "Pgc1Aula03Ex01.csproj", "{7CFD8E84-A471-43C2-A6BD-1BE946C8177D}"
EndProject
Global
	GlobalSection(SolutionConfigurationPlatforms) = preSolution
		Debug|Any CPU = Debug|Any CPU
		Release|Any CPU = Release|Any CPU
	EndGlobalSection
	GlobalSection(ProjectConfigurationPlatforms) = postSolution
		{7CFD8E84-A471-43C2-A6BD-1BE946C8177D}.Debug|Any CPU.ActiveCfg = Debug|Any CPU
		{7CFD8E84-A471-43C2-A6BD-1BE946C8177D}.Debug|Any CPU.Build.0 = Debug|Any CPU
		{7CFD8E84-A471-43C2-A6BD-1BE946C8177D}.Release|Any CPU.ActiveCfg = Release|Any CPU
		{7CFD8E84-A471-43C2-A6BD-1BE946C8177D}.Release|Any CPU.Build.0 = Release|Any CPU
	EndGlobalSection
	GlobalSection(SolutionProperties) = preSolution
		HideSolutionNode = FALSE
	EndGlobalSection
	GlobalSection(ExtensibilityGlobals) = postSolution
		SolutionGuid = {5A7AA558-DACC-46AC-9CC0-82A7E14E0B5F}
	EndGlobalSection
EndGlobal
